// !$*UTF8*$!
{
	archiveVersion = 1;
	classes = {
	};
	objectVersion = 77;
	objects = {

/* Begin PBXBuildFile section */
		DD9FCC90304141610007655E /* Assets.xcassets in Resources */ = {isa = PBXBuildFile; fileRef = DD9FCC89304141610007655E /* Assets.xcassets */; };
		DD9FCC91304141610007655E /* Config.xcconfig in Resources */ = {isa = PBXBuildFile; fileRef = DD9FCC8C304141610007655E /* Config.xcconfig */; };
		DD9FCC92304141610007655E /* MomentumApp.swift in Sources */ = {isa = PBXBuildFile; fileRef = DD9FCC5E304141610007655E /* MomentumApp.swift */; };
		DD9FCC93304141610007655E /* DeleteTaskUseCase.swift in Sources */ = {isa = PBXBuildFile; fileRef = DD9FCC72304141610007655E /* DeleteTaskUseCase.swift */; };
		DD9FCC95304141610007655E /* APIError.swift in Sources */ = {isa = PBXBuildFile; fileRef = DD9FCC8B304141610007655E /* APIError.swift */; };
		DD9FCC96304141610007655E /* HomeScreen.swift in Sources */ = {isa = PBXBuildFile; fileRef = DD9FCC84304141610007655E /* HomeScreen.swift */; };
		DD9FCC99304141610007655E /* AppDIContainer.swift in Sources */ = {isa = PBXBuildFile; fileRef = DD9FCC5D304141610007655E /* AppDIContainer.swift */; };
		DD9FCC9A304141610007655E /* APIClient.swift in Sources */ = {isa = PBXBuildFile; fileRef = DD9FCC7B304141610007655E /* APIClient.swift */; };
		DD9FCC9B304141610007655E /* UpdateTaskUseCase.swift in Sources */ = {isa = PBXBuildFile; fileRef = DD9FCC74304141610007655E /* UpdateTaskUseCase.swift */; };
		DD9FCC9C304141610007655E /* TaskSheet.swift in Sources */ = {isa = PBXBuildFile; fileRef = DD9FCC86304141610007655E /* TaskSheet.swift */; };
		DD9FCC9E304141610007655E /* TaskRepository.swift in Sources */ = {isa = PBXBuildFile; fileRef = DD9FCC6D304141610007655E /* TaskRepository.swift */; };
		DD9FCCA1304141610007655E /* NetworkLogging.swift in Sources */ = {isa = PBXBuildFile; fileRef = DD9FCC7E304141610007655E /* NetworkLogging.swift */; };
		DD9FCCA2304141610007655E /* FetchTaskUseCase.swift in Sources */ = {isa = PBXBuildFile; fileRef = DD9FCC73304141610007655E /* FetchTaskUseCase.swift */; };
		DD9FCCA3304141610007655E /* TaskViewModel.swift in Sources */ = {isa = PBXBuildFile; fileRef = DD9FCC87304141610007655E /* TaskViewModel.swift */; };
		DD9FCCA4304141610007655E /* GemniResponse.swift in Sources */ = {isa = PBXBuildFile; fileRef = DD9FCC7D304141610007655E /* GemniResponse.swift */; };
		DD9FCCA5304141610007655E /* UrlSessionAPIClient.swift in Sources */ = {isa = PBXBuildFile; fileRef = DD9FCC7F304141610007655E /* UrlSessionAPIClient.swift */; };
		DD9FCCA6304141610007655E /* RecoveryScreen.swift in Sources */ = {isa = PBXBuildFile; fileRef = DD9FCC85304141610007655E /* RecoveryScreen.swift */; };
		DD9FCCA7304141610007655E /* GemniRequest.swift in Sources */ = {isa = PBXBuildFile; fileRef = DD9FCC7C304141610007655E /* GemniRequest.swift */; };
		DD9FCCA8304141610007655E /* AITaskParsingService.swift in Sources */ = {isa = PBXBuildFile; fileRef = DD9FCC7A304141610007655E /* AITaskParsingService.swift */; };
		DD9FCCA9304141610007655E /* CreateTaskUseCase.swift in Sources */ = {isa = PBXBuildFile; fileRef = DD9FCC71304141610007655E /* CreateTaskUseCase.swift */; };
		DD9FCCAB304141610007655E /* RepositryError.swift in Sources */ = {isa = PBXBuildFile; fileRef = DD9FCC8E304141610007655E /* RepositryError.swift */; };
		DD9FCCAC304141610007655E /* SwiftDataTaskRepository.swift in Sources */ = {isa = PBXBuildFile; fileRef = DD9FCC66304141610007655E /* SwiftDataTaskRepository.swift */; };
		DD9FCCAD304141610007655E /* Task.swift in Sources */ = {isa = PBXBuildFile; fileRef = DD9FCC6A304141610007655E /* Task.swift */; };
		DD9FCCAE304141610007655E /* AddTaskView.swift in Sources */ = {isa = PBXBuildFile; fileRef = DD9FCC83304141610007655E /* AddTaskView.swift */; };
/* End PBXBuildFile section */

/* Begin PBXContainerItemProxy section */
		DD5F057030038230001B3A99 /* PBXContainerItemProxy */ = {
			isa = PBXContainerItemProxy;
			containerPortal = DD5F055A3003822F001B3A99 /* Project object */;
			proxyType = 1;
			remoteGlobalIDString = DD5F05613003822F001B3A99;
			remoteInfo = Momentum;
		};
		DD5F057A30038230001B3A99 /* PBXContainerItemProxy */ = {
			isa = PBXContainerItemProxy;
			containerPortal = DD5F055A3003822F001B3A99 /* Project object */;
			proxyType = 1;
			remoteGlobalIDString = DD5F05613003822F001B3A99;
			remoteInfo = Momentum;
		};
/* End PBXContainerItemProxy section */

/* Begin PBXFileReference section */
		DD5F05623003822F001B3A99 /* Momentum.app */ = {isa = PBXFileReference; explicitFileType = wrapper.application; includeInIndex = 0; path = Momentum.app; sourceTree = BUILT_PRODUCTS_DIR; };
		DD5F056F30038230001B3A99 /* MomentumTests.xctest */ = {isa = PBXFileReference; explicitFileType = wrapper.cfbundle; includeInIndex = 0; path = MomentumTests.xctest; sourceTree = BUILT_PRODUCTS_DIR; };
		DD5F057930038230001B3A99 /* MomentumUITests.xctest */ = {isa = PBXFileReference; explicitFileType = wrapper.cfbundle; includeInIndex = 0; path = MomentumUITests.xctest; sourceTree = BUILT_PRODUCTS_DIR; };
		DD9FCC5D304141610007655E /* AppDIContainer.swift */ = {isa = PBXFileReference; lastKnownFileType = sourcecode.swift; path = AppDIContainer.swift; sourceTree = "<group>"; };
		DD9FCC5E304141610007655E /* MomentumApp.swift */ = {isa = PBXFileReference; lastKnownFileType = sourcecode.swift; path = MomentumApp.swift; sourceTree = "<group>"; };
		DD9FCC62304141610007655E /* TaskMapper.swift */ = {isa = PBXFileReference; lastKnownFileType = sourcecode.swift; path = TaskMapper.swift; sourceTree = "<group>"; };
		DD9FCC64304141610007655E /* SwiftDataTaskModel.swift */ = {isa = PBXFileReference; lastKnownFileType = sourcecode.swift; path = SwiftDataTaskModel.swift; sourceTree = "<group>"; };
		DD9FCC66304141610007655E /* SwiftDataTaskRepository.swift */ = {isa = PBXFileReference; lastKnownFileType = sourcecode.swift; path = SwiftDataTaskRepository.swift; sourceTree = "<group>"; };
		DD9FCC69304141610007655E /* SourceMessage.swift */ = {isa = PBXFileReference; lastKnownFileType = sourcecode.swift; path = SourceMessage.swift; sourceTree = "<group>"; };
		DD9FCC6A304141610007655E /* Task.swift */ = {isa = PBXFileReference; lastKnownFileType = sourcecode.swift; path = Task.swift; sourceTree = "<group>"; };
		DD9FCC6B304141610007655E /* TimelineEvent.swift */ = {isa = PBXFileReference; lastKnownFileType = sourcecode.swift; path = TimelineEvent.swift; sourceTree = "<group>"; };
		DD9FCC6D304141610007655E /* TaskRepository.swift */ = {isa = PBXFileReference; lastKnownFileType = sourcecode.swift; path = TaskRepository.swift; sourceTree = "<group>"; };
		DD9FCC6F304141610007655E /* TaskParsingService.swift */ = {isa = PBXFileReference; lastKnownFileType = sourcecode.swift; path = TaskParsingService.swift; sourceTree = "<group>"; };
		DD9FCC71304141610007655E /* CreateTaskUseCase.swift */ = {isa = PBXFileReference; lastKnownFileType = sourcecode.swift; path = CreateTaskUseCase.swift; sourceTree = "<group>"; };
		DD9FCC72304141610007655E /* DeleteTaskUseCase.swift */ = {isa = PBXFileReference; lastKnownFileType = sourcecode.swift; path = DeleteTaskUseCase.swift; sourceTree = "<group>"; };
		DD9FCC73304141610007655E /* FetchTaskUseCase.swift */ = {isa = PBXFileReference; lastKnownFileType = sourcecode.swift; path = FetchTaskUseCase.swift; sourceTree = "<group>"; };
		DD9FCC74304141610007655E /* UpdateTaskUseCase.swift */ = {isa = PBXFileReference; lastKnownFileType = sourcecode.swift; path = UpdateTaskUseCase.swift; sourceTree = "<group>"; };
		DD9FCC77304141610007655E /* AITaskParsingService.swift */ = {isa = PBXFileReference; lastKnownFileType = sourcecode.swift; path = AITaskParsingService.swift; sourceTree = "<group>"; };
		DD9FCC7A304141610007655E /* AITaskParsingService.swift */ = {isa = PBXFileReference; lastKnownFileType = sourcecode.swift; path = AITaskParsingService.swift; sourceTree = "<group>"; };
		DD9FCC7B304141610007655E /* APIClient.swift */ = {isa = PBXFileReference; lastKnownFileType = sourcecode.swift; path = APIClient.swift; sourceTree = "<group>"; };
		DD9FCC7C304141610007655E /* GemniRequest.swift */ = {isa = PBXFileReference; lastKnownFileType = sourcecode.swift; path = GemniRequest.swift; sourceTree = "<group>"; };
		DD9FCC7D304141610007655E /* GemniResponse.swift */ = {isa = PBXFileReference; lastKnownFileType = sourcecode.swift; path = GemniResponse.swift; sourceTree = "<group>"; };
		DD9FCC7E304141610007655E /* NetworkLogging.swift */ = {isa = PBXFileReference; lastKnownFileType = sourcecode.swift; path = NetworkLogging.swift; sourceTree = "<group>"; };
		DD9FCC7F304141610007655E /* UrlSessionAPIClient.swift */ = {isa = PBXFileReference; lastKnownFileType = sourcecode.swift; path = UrlSessionAPIClient.swift; sourceTree = "<group>"; };
		DD9FCC83304141610007655E /* AddTaskView.swift */ = {isa = PBXFileReference; lastKnownFileType = sourcecode.swift; path = AddTaskView.swift; sourceTree = "<group>"; };
		DD9FCC84304141610007655E /* HomeScreen.swift */ = {isa = PBXFileReference; lastKnownFileType = sourcecode.swift; path = HomeScreen.swift; sourceTree = "<group>"; };
		DD9FCC85304141610007655E /* RecoveryScreen.swift */ = {isa = PBXFileReference; lastKnownFileType = sourcecode.swift; path = RecoveryScreen.swift; sourceTree = "<group>"; };
		DD9FCC86304141610007655E /* TaskSheet.swift */ = {isa = PBXFileReference; lastKnownFileType = sourcecode.swift; path = TaskSheet.swift; sourceTree = "<group>"; };
		DD9FCC87304141610007655E /* TaskViewModel.swift */ = {isa = PBXFileReference; lastKnownFileType = sourcecode.swift; path = TaskViewModel.swift; sourceTree = "<group>"; };
		DD9FCC89304141610007655E /* Assets.xcassets */ = {isa = PBXFileReference; lastKnownFileType = folder.assetcatalog; path = Assets.xcassets; sourceTree = "<group>"; };
		DD9FCC8B304141610007655E /* APIError.swift */ = {isa = PBXFileReference; lastKnownFileType = sourcecode.swift; path = APIError.swift; sourceTree = "<group>"; };
		DD9FCC8C304141610007655E /* Config.xcconfig */ = {isa = PBXFileReference; lastKnownFileType = text.xcconfig; path = Config.xcconfig; sourceTree = "<group>"; };
		DD9FCC8D304141610007655E /* PreviewDIContainer.swift */ = {isa = PBXFileReference; lastKnownFileType = sourcecode.swift; path = PreviewDIContainer.swift; sourceTree = "<group>"; };
		DD9FCC8E304141610007655E /* RepositryError.swift */ = {isa = PBXFileReference; lastKnownFileType = sourcecode.swift; path = RepositryError.swift; sourceTree = "<group>"; };
/* End PBXFileReference section */

/* Begin PBXFileSystemSynchronizedBuildFileExceptionSet section */
		DD9FCCB33041CD0D0007655E /* Exceptions for "Momentum" folder in "Momentum" target */ = {
			isa = PBXFileSystemSynchronizedBuildFileExceptionSet;
			membershipExceptions = (
				App/AppDIContainer.swift,
				Config.xcconfig,
				Data/Repositories/SwiftDataTaskRepository.swift,
				Info.plist,
				Infrastructure/Networking/AITaskParsingService.swift,
				PreviewDIContainer.swift,
			);
			target = DD5F05613003822F001B3A99 /* Momentum */;
		};
/* End PBXFileSystemSynchronizedBuildFileExceptionSet section */

/* Begin PBXFileSystemSynchronizedRootGroup section */
		DD5F05643003822F001B3A99 /* Momentum */ = {
			isa = PBXFileSystemSynchronizedRootGroup;
			exceptions = (
				DD9FCCB33041CD0D0007655E /* Exceptions for "Momentum" folder in "Momentum" target */,
			);
			path = Momentum;
			sourceTree = "<group>";
		};
		DD5F057230038230001B3A99 /* MomentumTests */ = {
			isa = PBXFileSystemSynchronizedRootGroup;
			path = MomentumTests;
			sourceTree = "<group>";
		};
		DD5F057C30038230001B3A99 /* MomentumUITests */ = {
			isa = PBXFileSystemSynchronizedRootGroup;
			path = MomentumUITests;
			sourceTree = "<group>";
		};
/* End PBXFileSystemSynchronizedRootGroup section */

/* Begin PBXFrameworksBuildPhase section */
		DD5F055F3003822F001B3A99 /* Frameworks */ = {
			isa = PBXFrameworksBuildPhase;
			buildActionMask = 2147483647;
			files = (
			);
			runOnlyForDeploymentPostprocessing = 0;
		};
		DD5F056C30038230001B3A99 /* Frameworks */ = {
			isa = PBXFrameworksBuildPhase;
			buildActionMask = 2147483647;
			files = (
			);
			runOnlyForDeploymentPostprocessing = 0;
		};
		DD5F057630038230001B3A99 /* Frameworks */ = {
			isa = PBXFrameworksBuildPhase;
			buildActionMask = 2147483647;
			files = (
			);
			runOnlyForDeploymentPostprocessing = 0;
		};
/* End PBXFrameworksBuildPhase section */

/* Begin PBXGroup section */
		DD5F05593003822F001B3A99 = {
			isa = PBXGroup;
			children = (
				DD5F05643003822F001B3A99 /* Momentum */,
				DD5F057230038230001B3A99 /* MomentumTests */,
				DD5F057C30038230001B3A99 /* MomentumUITests */,
				DD5F05633003822F001B3A99 /* Products */,
				DD9FCC8F304141610007655E /* Momentum */,
			);
			sourceTree = "<group>";
		};
		DD5F05633003822F001B3A99 /* Products */ = {
			isa = PBXGroup;
			children = (
				DD5F05623003822F001B3A99 /* Momentum.app */,
				DD5F056F30038230001B3A99 /* MomentumTests.xctest */,
				DD5F057930038230001B3A99 /* MomentumUITests.xctest */,
			);
			name = Products;
			sourceTree = "<group>";
		};
		DD9FCC5F304141610007655E /* App */ = {
			isa = PBXGroup;
			children = (
				DD9FCC5D304141610007655E /* AppDIContainer.swift */,
				DD9FCC5E304141610007655E /* MomentumApp.swift */,
			);
			path = App;
			sourceTree = "<group>";
		};
		DD9FCC60304141610007655E /* Core */ = {
			isa = PBXGroup;
			children = (
			);
			path = Core;
			sourceTree = "<group>";
		};
		DD9FCC61304141610007655E /* DTOs */ = {
			isa = PBXGroup;
			children = (
			);
			path = DTOs;
			sourceTree = "<group>";
		};
		DD9FCC63304141610007655E /* Mappers */ = {
			isa = PBXGroup;
			children = (
				DD9FCC62304141610007655E /* TaskMapper.swift */,
			);
			path = Mappers;
			sourceTree = "<group>";
		};
		DD9FCC65304141610007655E /* Persistence */ = {
			isa = PBXGroup;
			children = (
				DD9FCC64304141610007655E /* SwiftDataTaskModel.swift */,
			);
			path = Persistence;
			sourceTree = "<group>";
		};
		DD9FCC67304141610007655E /* Repositories */ = {
			isa = PBXGroup;
			children = (
				DD9FCC66304141610007655E /* SwiftDataTaskRepository.swift */,
			);
			path = Repositories;
			sourceTree = "<group>";
		};
		DD9FCC68304141610007655E /* Data */ = {
			isa = PBXGroup;
			children = (
				DD9FCC61304141610007655E /* DTOs */,
				DD9FCC63304141610007655E /* Mappers */,
				DD9FCC65304141610007655E /* Persistence */,
				DD9FCC67304141610007655E /* Repositories */,
			);
			path = Data;
			sourceTree = "<group>";
		};
		DD9FCC6C304141610007655E /* Entities */ = {
			isa = PBXGroup;
			children = (
				DD9FCC69304141610007655E /* SourceMessage.swift */,
				DD9FCC6A304141610007655E /* Task.swift */,
				DD9FCC6B304141610007655E /* TimelineEvent.swift */,
			);
			path = Entities;
			sourceTree = "<group>";
		};
		DD9FCC6E304141610007655E /* Repositories */ = {
			isa = PBXGroup;
			children = (
				DD9FCC6D304141610007655E /* TaskRepository.swift */,
			);
			path = Repositories;
			sourceTree = "<group>";
		};
		DD9FCC70304141610007655E /* Services  */ = {
			isa = PBXGroup;
			children = (
				DD9FCC6F304141610007655E /* TaskParsingService.swift */,
			);
			path = "Services ";
			sourceTree = "<group>";
		};
		DD9FCC75304141610007655E /* UseCases */ = {
			isa = PBXGroup;
			children = (
				DD9FCC71304141610007655E /* CreateTaskUseCase.swift */,
				DD9FCC72304141610007655E /* DeleteTaskUseCase.swift */,
				DD9FCC73304141610007655E /* FetchTaskUseCase.swift */,
				DD9FCC74304141610007655E /* UpdateTaskUseCase.swift */,
			);
			path = UseCases;
			sourceTree = "<group>";
		};
		DD9FCC76304141610007655E /* Domain */ = {
			isa = PBXGroup;
			children = (
				DD9FCC6C304141610007655E /* Entities */,
				DD9FCC6E304141610007655E /* Repositories */,
				DD9FCC70304141610007655E /* Services  */,
				DD9FCC75304141610007655E /* UseCases */,
			);
			path = Domain;
			sourceTree = "<group>";
		};
		DD9FCC78304141610007655E /* AI */ = {
			isa = PBXGroup;
			children = (
				DD9FCC77304141610007655E /* AITaskParsingService.swift */,
			);
			path = AI;
			sourceTree = "<group>";
		};
		DD9FCC79304141610007655E /* Logging */ = {
			isa = PBXGroup;
			children = (
			);
			path = Logging;
			sourceTree = "<group>";
		};
		DD9FCC80304141610007655E /* Networking */ = {
			isa = PBXGroup;
			children = (
				DD9FCC7A304141610007655E /* AITaskParsingService.swift */,
				DD9FCC7B304141610007655E /* APIClient.swift */,
				DD9FCC7C304141610007655E /* GemniRequest.swift */,
				DD9FCC7D304141610007655E /* GemniResponse.swift */,
				DD9FCC7E304141610007655E /* NetworkLogging.swift */,
				DD9FCC7F304141610007655E /* UrlSessionAPIClient.swift */,
			);
			path = Networking;
			sourceTree = "<group>";
		};
		DD9FCC81304141610007655E /* Security */ = {
			isa = PBXGroup;
			children = (
			);
			path = Security;
			sourceTree = "<group>";
		};
		DD9FCC82304141610007655E /* Infrastructure */ = {
			isa = PBXGroup;
			children = (
				DD9FCC78304141610007655E /* AI */,
				DD9FCC79304141610007655E /* Logging */,
				DD9FCC80304141610007655E /* Networking */,
				DD9FCC81304141610007655E /* Security */,
			);
			path = Infrastructure;
			sourceTree = "<group>";
		};
		DD9FCC88304141610007655E /* Presentation */ = {
			isa = PBXGroup;
			children = (
				DD9FCC83304141610007655E /* AddTaskView.swift */,
				DD9FCC84304141610007655E /* HomeScreen.swift */,
				DD9FCC85304141610007655E /* RecoveryScreen.swift */,
				DD9FCC86304141610007655E /* TaskSheet.swift */,
				DD9FCC87304141610007655E /* TaskViewModel.swift */,
			);
			path = Presentation;
			sourceTree = "<group>";
		};
		DD9FCC8A304141610007655E /* Resources */ = {
			isa = PBXGroup;
			children = (
				DD9FCC89304141610007655E /* Assets.xcassets */,
			);
			path = Resources;
			sourceTree = "<group>";
		};
		DD9FCC8F304141610007655E /* Momentum */ = {
			isa = PBXGroup;
			children = (
				DD9FCC5F304141610007655E /* App */,
				DD9FCC60304141610007655E /* Core */,
				DD9FCC68304141610007655E /* Data */,
				DD9FCC76304141610007655E /* Domain */,
				DD9FCC82304141610007655E /* Infrastructure */,
				DD9FCC88304141610007655E /* Presentation */,
				DD9FCC8A304141610007655E /* Resources */,
				DD9FCC8B304141610007655E /* APIError.swift */,
				DD9FCC8C304141610007655E /* Config.xcconfig */,
				DD9FCC8D304141610007655E /* PreviewDIContainer.swift */,
				DD9FCC8E304141610007655E /* RepositryError.swift */,
			);
			path = Momentum;
			sourceTree = "<group>";
		};
/* End PBXGroup section */

/* Begin PBXNativeTarget section */
		DD5F05613003822F001B3A99 /* Momentum */ = {
			isa = PBXNativeTarget;
			buildConfigurationList = DD5F058330038230001B3A99 /* Build configuration list for PBXNativeTarget "Momentum" */;
			buildPhases = (
				DD5F055E3003822F001B3A99 /* Sources */,
				DD5F055F3003822F001B3A99 /* Frameworks */,
				DD5F05603003822F001B3A99 /* Resources */,
			);
			buildRules = (
			);
			dependencies = (
			);
			fileSystemSynchronizedGroups = (
				DD5F05643003822F001B3A99 /* Momentum */,
			);
			name = Momentum;
			packageProductDependencies = (
			);
			productName = Momentum;
			productReference = DD5F05623003822F001B3A99 /* Momentum.app */;
			productType = "com.apple.product-type.application";
		};
		DD5F056E30038230001B3A99 /* MomentumTests */ = {
			isa = PBXNativeTarget;
			buildConfigurationList = DD5F058630038230001B3A99 /* Build configuration list for PBXNativeTarget "MomentumTests" */;
			buildPhases = (
				DD5F056B30038230001B3A99 /* Sources */,
				DD5F056C30038230001B3A99 /* Frameworks */,
				DD5F056D30038230001B3A99 /* Resources */,
			);
			buildRules = (
			);
			dependencies = (
				DD5F057130038230001B3A99 /* PBXTargetDependency */,
			);
			fileSystemSynchronizedGroups = (
				DD5F057230038230001B3A99 /* MomentumTests */,
			);
			name = MomentumTests;
			packageProductDependencies = (
			);
			productName = MomentumTests;
			productReference = DD5F056F30038230001B3A99 /* MomentumTests.xctest */;
			productType = "com.apple.product-type.bundle.unit-test";
		};
		DD5F057830038230001B3A99 /* MomentumUITests */ = {
			isa = PBXNativeTarget;
			buildConfigurationList = DD5F058930038230001B3A99 /* Build configuration list for PBXNativeTarget "MomentumUITests" */;
			buildPhases = (
				DD5F057530038230001B3A99 /* Sources */,
				DD5F057630038230001B3A99 /* Frameworks */,
				DD5F057730038230001B3A99 /* Resources */,
			);
			buildRules = (
			);
			dependencies = (
				DD5F057B30038230001B3A99 /* PBXTargetDependency */,
			);
			fileSystemSynchronizedGroups = (
				DD5F057C30038230001B3A99 /* MomentumUITests */,
			);
			name = MomentumUITests;
			packageProductDependencies = (
			);
			productName = MomentumUITests;
			productReference = DD5F057930038230001B3A99 /* MomentumUITests.xctest */;
			productType = "com.apple.product-type.bundle.ui-testing";
		};
/* End PBXNativeTarget section */

/* Begin PBXProject section */
		DD5F055A3003822F001B3A99 /* Project object */ = {
			isa = PBXProject;
			attributes = {
				BuildIndependentTargetsInParallel = 1;
				LastSwiftUpdateCheck = 2660;
				LastUpgradeCheck = 2660;
				TargetAttributes = {
					DD5F05613003822F001B3A99 = {
						CreatedOnToolsVersion = 26.6;
					};
					DD5F056E30038230001B3A99 = {
						CreatedOnToolsVersion = 26.6;
						TestTargetID = DD5F05613003822F001B3A99;
					};
					DD5F057830038230001B3A99 = {
						CreatedOnToolsVersion = 26.6;
						TestTargetID = DD5F05613003822F001B3A99;
					};
				};
			};
			buildConfigurationList = DD5F055D3003822F001B3A99 /* Build configuration list for PBXProject "Momentum" */;
			developmentRegion = en;
			hasScannedForEncodings = 0;
			knownRegions = (
				en,
				Base,
			);
			mainGroup = DD5F05593003822F001B3A99;
			minimizedProjectReferenceProxies = 1;
			preferredProjectObjectVersion = 77;
			productRefGroup = DD5F05633003822F001B3A99 /* Products */;
			projectDirPath = "";
			projectRoot = "";
			targets = (
				DD5F05613003822F001B3A99 /* Momentum */,
				DD5F056E30038230001B3A99 /* MomentumTests */,
				DD5F057830038230001B3A99 /* MomentumUITests */,
			);
		};
/* End PBXProject section */

/* Begin PBXResourcesBuildPhase section */
		DD5F05603003822F001B3A99 /* Resources */ = {
			isa = PBXResourcesBuildPhase;
			buildActionMask = 2147483647;
			files = (
				DD9FCC90304141610007655E /* Assets.xcassets in Resources */,
				DD9FCC91304141610007655E /* Config.xcconfig in Resources */,
			);
			runOnlyForDeploymentPostprocessing = 0;
		};
		DD5F056D30038230001B3A99 /* Resources */ = {
			isa = PBXResourcesBuildPhase;
			buildActionMask = 2147483647;
			files = (
			);
			runOnlyForDeploymentPostprocessing = 0;
		};
		DD5F057730038230001B3A99 /* Resources */ = {
			isa = PBXResourcesBuildPhase;
			buildActionMask = 2147483647;
			files = (
			);
			runOnlyForDeploymentPostprocessing = 0;
		};
/* End PBXResourcesBuildPhase section */

/* Begin PBXSourcesBuildPhase section */
		DD5F055E3003822F001B3A99 /* Sources */ = {
			isa = PBXSourcesBuildPhase;
			buildActionMask = 2147483647;
			files = (
				DD9FCC92304141610007655E /* MomentumApp.swift in Sources */,
				DD9FCC93304141610007655E /* DeleteTaskUseCase.swift in Sources */,
				DD9FCC95304141610007655E /* APIError.swift in Sources */,
				DD9FCC96304141610007655E /* HomeScreen.swift in Sources */,
				DD9FCC99304141610007655E /* AppDIContainer.swift in Sources */,
				DD9FCC9A304141610007655E /* APIClient.swift in Sources */,
				DD9FCC9B304141610007655E /* UpdateTaskUseCase.swift in Sources */,
				DD9FCC9C304141610007655E /* TaskSheet.swift in Sources */,
				DD9FCC9E304141610007655E /* TaskRepository.swift in Sources */,
				DD9FCCA1304141610007655E /* NetworkLogging.swift in Sources */,
				DD9FCCA2304141610007655E /* FetchTaskUseCase.swift in Sources */,
				DD9FCCA3304141610007655E /* TaskViewModel.swift in Sources */,
				DD9FCCA4304141610007655E /* GemniResponse.swift in Sources */,
				DD9FCCA5304141610007655E /* UrlSessionAPIClient.swift in Sources */,
				DD9FCCA6304141610007655E /* RecoveryScreen.swift in Sources */,
				DD9FCCA7304141610007655E /* GemniRequest.swift in Sources */,
				DD9FCCA8304141610007655E /* AITaskParsingService.swift in Sources */,
				DD9FCCA9304141610007655E /* CreateTaskUseCase.swift in Sources */,
				DD9FCCAB304141610007655E /* RepositryError.swift in Sources */,
				DD9FCCAC304141610007655E /* SwiftDataTaskRepository.swift in Sources */,
				DD9FCCAD304141610007655E /* Task.swift in Sources */,
				DD9FCCAE304141610007655E /* AddTaskView.swift in Sources */,
			);
			runOnlyForDeploymentPostprocessing = 0;
		};
		DD5F056B30038230001B3A99 /* Sources */ = {
			isa = PBXSourcesBuildPhase;
			buildActionMask = 2147483647;
			files = (
			);
			runOnlyForDeploymentPostprocessing = 0;
		};
		DD5F057530038230001B3A99 /* Sources */ = {
			isa = PBXSourcesBuildPhase;
			buildActionMask = 2147483647;
			files = (
			);
			runOnlyForDeploymentPostprocessing = 0;
		};
/* End PBXSourcesBuildPhase section */

/* Begin PBXTargetDependency section */
		DD5F057130038230001B3A99 /* PBXTargetDependency */ = {
			isa = PBXTargetDependency;
			target = DD5F05613003822F001B3A99 /* Momentum */;
			targetProxy = DD5F057030038230001B3A99 /* PBXContainerItemProxy */;
		};
		DD5F057B30038230001B3A99 /* PBXTargetDependency */ = {
			isa = PBXTargetDependency;
			target = DD5F05613003822F001B3A99 /* Momentum */;
			targetProxy = DD5F057A30038230001B3A99 /* PBXContainerItemProxy */;
		};
/* End PBXTargetDependency section */

/* Begin XCBuildConfiguration section */
		DD5F058130038230001B3A99 /* Debug */ = {
			isa = XCBuildConfiguration;
			baseConfigurationReference = DD9FCC8C304141610007655E /* Config.xcconfig */;
			buildSettings = {
				ALWAYS_SEARCH_USER_PATHS = NO;
				ASSETCATALOG_COMPILER_GENERATE_SWIFT_ASSET_SYMBOL_EXTENSIONS = YES;
				CLANG_ANALYZER_NONNULL = YES;
				CLANG_ANALYZER_NUMBER_OBJECT_CONVERSION = YES_AGGRESSIVE;
				CLANG_CXX_LANGUAGE_STANDARD = "gnu++20";
				CLANG_ENABLE_MODULES = YES;
				CLANG_ENABLE_OBJC_ARC = YES;
				CLANG_ENABLE_OBJC_WEAK = YES;
				CLANG_WARN_BLOCK_CAPTURE_AUTORELEASING = YES;
				CLANG_WARN_BOOL_CONVERSION = YES;
				CLANG_WARN_COMMA = YES;
				CLANG_WARN_CONSTANT_CONVERSION = YES;
				CLANG_WARN_DEPRECATED_OBJC_IMPLEMENTATIONS = YES;
				CLANG_WARN_DIRECT_OBJC_ISA_USAGE = YES_ERROR;
				CLANG_WARN_DOCUMENTATION_COMMENTS = YES;
				CLANG_WARN_EMPTY_BODY = YES;
				CLANG_WARN_ENUM_CONVERSION = YES;
				CLANG_WARN_INFINITE_RECURSION = YES;
				CLANG_WARN_INT_CONVERSION = YES;
				CLANG_WARN_NON_LITERAL_NULL_CONVERSION = YES;
				CLANG_WARN_OBJC_IMPLICIT_RETAIN_SELF = YES;
				CLANG_WARN_OBJC_LITERAL_CONVERSION = YES;
				CLANG_WARN_OBJC_ROOT_CLASS = YES_ERROR;
				CLANG_WARN_QUOTED_INCLUDE_IN_FRAMEWORK_HEADER = YES;
				CLANG_WARN_RANGE_LOOP_ANALYSIS = YES;
				CLANG_WARN_STRICT_PROTOTYPES = YES;
				CLANG_WARN_SUSPICIOUS_MOVE = YES;
				CLANG_WARN_UNGUARDED_AVAILABILITY = YES_AGGRESSIVE;
				CLANG_WARN_UNREACHABLE_CODE = YES;
				CLANG_WARN__DUPLICATE_METHOD_MATCH = YES;
				COPY_PHASE_STRIP = NO;
				DEBUG_INFORMATION_FORMAT = dwarf;
				ENABLE_STRICT_OBJC_MSGSEND = YES;
				ENABLE_TESTABILITY = YES;
				ENABLE_USER_SCRIPT_SANDBOXING = YES;
				GCC_C_LANGUAGE_STANDARD = gnu17;
				GCC_DYNAMIC_NO_PIC = NO;
				GCC_NO_COMMON_BLOCKS = YES;
				GCC_OPTIMIZATION_LEVEL = 0;
				GCC_PREPROCESSOR_DEFINITIONS = (
					"DEBUG=1",
					"$(inherited)",
				);
				GCC_WARN_64_TO_32_BIT_CONVERSION = YES;
				GCC_WARN_ABOUT_RETURN_TYPE = YES_ERROR;
				GCC_WARN_UNDECLARED_SELECTOR = YES;
				GCC_WARN_UNINITIALIZED_AUTOS = YES_AGGRESSIVE;
				GCC_WARN_UNUSED_FUNCTION = YES;
				GCC_WARN_UNUSED_VARIABLE = YES;
				LOCALIZATION_PREFERS_STRING_CATALOGS = YES;
				MTL_ENABLE_DEBUG_INFO = INCLUDE_SOURCE;
				MTL_FAST_MATH = YES;
				ONLY_ACTIVE_ARCH = YES;
				SWIFT_ACTIVE_COMPILATION_CONDITIONS = "DEBUG $(inherited)";
				SWIFT_OPTIMIZATION_LEVEL = "-Onone";
			};
			name = Debug;
		};
		DD5F058230038230001B3A99 /* Release */ = {
			isa = XCBuildConfiguration;
			buildSettings = {
				ALWAYS_SEARCH_USER_PATHS = NO;
				ASSETCATALOG_COMPILER_GENERATE_SWIFT_ASSET_SYMBOL_EXTENSIONS = YES;
				CLANG_ANALYZER_NONNULL = YES;
				CLANG_ANALYZER_NUMBER_OBJECT_CONVERSION = YES_AGGRESSIVE;
				CLANG_CXX_LANGUAGE_STANDARD = "gnu++20";
				CLANG_ENABLE_MODULES = YES;
				CLANG_ENABLE_OBJC_ARC = YES;
				CLANG_ENABLE_OBJC_WEAK = YES;
				CLANG_WARN_BLOCK_CAPTURE_AUTORELEASING = YES;
				CLANG_WARN_BOOL_CONVERSION = YES;
				CLANG_WARN_COMMA = YES;
				CLANG_WARN_CONSTANT_CONVERSION = YES;
				CLANG_WARN_DEPRECATED_OBJC_IMPLEMENTATIONS = YES;
				CLANG_WARN_DIRECT_OBJC_ISA_USAGE = YES_ERROR;
				CLANG_WARN_DOCUMENTATION_COMMENTS = YES;
				CLANG_WARN_EMPTY_BODY = YES;
				CLANG_WARN_ENUM_CONVERSION = YES;
				CLANG_WARN_INFINITE_RECURSION = YES;
				CLANG_WARN_INT_CONVERSION = YES;
				CLANG_WARN_NON_LITERAL_NULL_CONVERSION = YES;
				CLANG_WARN_OBJC_IMPLICIT_RETAIN_SELF = YES;
				CLANG_WARN_OBJC_LITERAL_CONVERSION = YES;
				CLANG_WARN_OBJC_ROOT_CLASS = YES_ERROR;
				CLANG_WARN_QUOTED_INCLUDE_IN_FRAMEWORK_HEADER = YES;
				CLANG_WARN_RANGE_LOOP_ANALYSIS = YES;
				CLANG_WARN_STRICT_PROTOTYPES = YES;
				CLANG_WARN_SUSPICIOUS_MOVE = YES;
				CLANG_WARN_UNGUARDED_AVAILABILITY = YES_AGGRESSIVE;
				CLANG_WARN_UNREACHABLE_CODE = YES;
				CLANG_WARN__DUPLICATE_METHOD_MATCH = YES;
				COPY_PHASE_STRIP = NO;
				DEBUG_INFORMATION_FORMAT = "dwarf-with-dsym";
				ENABLE_NS_ASSERTIONS = NO;
				ENABLE_STRICT_OBJC_MSGSEND = YES;
				ENABLE_USER_SCRIPT_SANDBOXING = YES;
				GCC_C_LANGUAGE_STANDARD = gnu17;
				GCC_NO_COMMON_BLOCKS = YES;
				GCC_WARN_64_TO_32_BIT_CONVERSION = YES;
				GCC_WARN_ABOUT_RETURN_TYPE = YES_ERROR;
				GCC_WARN_UNDECLARED_SELECTOR = YES;
				GCC_WARN_UNINITIALIZED_AUTOS = YES_AGGRESSIVE;
				GCC_WARN_UNUSED_FUNCTION = YES;
				GCC_WARN_UNUSED_VARIABLE = YES;
				LOCALIZATION_PREFERS_STRING_CATALOGS = YES;
				MTL_ENABLE_DEBUG_INFO = NO;
				MTL_FAST_MATH = YES;
				SWIFT_COMPILATION_MODE = wholemodule;
			};
			name = Release;
		};
		DD5F058430038230001B3A99 /* Debug */ = {
			isa = XCBuildConfiguration;
			baseConfigurationReference = DD9FCC8C304141610007655E /* Config.xcconfig */;
			buildSettings = {
				ASSETCATALOG_COMPILER_APPICON_NAME = AppIcon;
				ASSETCATALOG_COMPILER_GLOBAL_ACCENT_COLOR_NAME = AccentColor;
				CODE_SIGN_STYLE = Automatic;
				CURRENT_PROJECT_VERSION = 1;
				ENABLE_APP_SANDBOX = YES;
				ENABLE_PREVIEWS = YES;
				ENABLE_USER_SELECTED_FILES = readonly;
				GENERATE_INFOPLIST_FILE = YES;
				INFOPLIST_FILE = Momentum/Info.plist;
				"INFOPLIST_KEY_UIApplicationSceneManifest_Generation[sdk=iphoneos*]" = YES;
				"INFOPLIST_KEY_UIApplicationSceneManifest_Generation[sdk=iphonesimulator*]" = YES;
				"INFOPLIST_KEY_UIApplicationSupportsIndirectInputEvents[sdk=iphoneos*]" = YES;
				"INFOPLIST_KEY_UIApplicationSupportsIndirectInputEvents[sdk=iphonesimulator*]" = YES;
				"INFOPLIST_KEY_UILaunchScreen_Generation[sdk=iphoneos*]" = YES;
				"INFOPLIST_KEY_UILaunchScreen_Generation[sdk=iphonesimulator*]" = YES;
				"INFOPLIST_KEY_UIStatusBarStyle[sdk=iphoneos*]" = UIStatusBarStyleDefault;
				"INFOPLIST_KEY_UIStatusBarStyle[sdk=iphonesimulator*]" = UIStatusBarStyleDefault;
				INFOPLIST_KEY_UISupportedInterfaceOrientations_iPad = "UIInterfaceOrientationPortrait UIInterfaceOrientationPortraitUpsideDown UIInterfaceOrientationLandscapeLeft UIInterfaceOrientationLandscapeRight";
				INFOPLIST_KEY_UISupportedInterfaceOrientations_iPhone = "UIInterfaceOrientationPortrait UIInterfaceOrientationLandscapeLeft UIInterfaceOrientationLandscapeRight";
				IPHONEOS_DEPLOYMENT_TARGET = 26.5;
				LD_RUNPATH_SEARCH_PATHS = "@executable_path/Frameworks";
				"LD_RUNPATH_SEARCH_PATHS[sdk=macosx*]" = "@executable_path/../Frameworks";
				MACOSX_DEPLOYMENT_TARGET = 26.5;
				MARKETING_VERSION = 1.0;
				PRODUCT_BUNDLE_IDENTIFIER = com.shashank.Momentum;
				PRODUCT_NAME = "$(TARGET_NAME)";
				REGISTER_APP_GROUPS = YES;
				SDKROOT = auto;
				STRING_CATALOG_GENERATE_SYMBOLS = YES;
				SUPPORTED_PLATFORMS = "iphoneos iphonesimulator macosx xros xrsimulator";
				SWIFT_APPROACHABLE_CONCURRENCY = YES;
				SWIFT_DEFAULT_ACTOR_ISOLATION = MainActor;
				SWIFT_EMIT_LOC_STRINGS = YES;
				SWIFT_UPCOMING_FEATURE_MEMBER_IMPORT_VISIBILITY = YES;
				SWIFT_VERSION = 5.0;
				TARGETED_DEVICE_FAMILY = "1,2,7";
				XROS_DEPLOYMENT_TARGET = 26.5;
			};
			name = Debug;
		};
		DD5F058530038230001B3A99 /* Release */ = {
			isa = XCBuildConfiguration;
			buildSettings = {
				ASSETCATALOG_COMPILER_APPICON_NAME = AppIcon;
				ASSETCATALOG_COMPILER_GLOBAL_ACCENT_COLOR_NAME = AccentColor;
				CODE_SIGN_STYLE = Automatic;
				CURRENT_PROJECT_VERSION = 1;
				ENABLE_APP_SANDBOX = YES;
				ENABLE_PREVIEWS = YES;
				ENABLE_USER_SELECTED_FILES = readonly;
				GENERATE_INFOPLIST_FILE = YES;
				INFOPLIST_FILE = Momentum/Info.plist;
				"INFOPLIST_KEY_UIApplicationSceneManifest_Generation[sdk=iphoneos*]" = YES;
				"INFOPLIST_KEY_UIApplicationSceneManifest_Generation[sdk=iphonesimulator*]" = YES;
				"INFOPLIST_KEY_UIApplicationSupportsIndirectInputEvents[sdk=iphoneos*]" = YES;
				"INFOPLIST_KEY_UIApplicationSupportsIndirectInputEvents[sdk=iphonesimulator*]" = YES;
				"INFOPLIST_KEY_UILaunchScreen_Generation[sdk=iphoneos*]" = YES;
				"INFOPLIST_KEY_UILaunchScreen_Generation[sdk=iphonesimulator*]" = YES;
				"INFOPLIST_KEY_UIStatusBarStyle[sdk=iphoneos*]" = UIStatusBarStyleDefault;
				"INFOPLIST_KEY_UIStatusBarStyle[sdk=iphonesimulator*]" = UIStatusBarStyleDefault;
				INFOPLIST_KEY_UISupportedInterfaceOrientations_iPad = "UIInterfaceOrientationPortrait UIInterfaceOrientationPortraitUpsideDown UIInterfaceOrientationLandscapeLeft UIInterfaceOrientationLandscapeRight";
				INFOPLIST_KEY_UISupportedInterfaceOrientations_iPhone = "UIInterfaceOrientationPortrait UIInterfaceOrientationLandscapeLeft UIInterfaceOrientationLandscapeRight";
				IPHONEOS_DEPLOYMENT_TARGET = 26.5;
				LD_RUNPATH_SEARCH_PATHS = "@executable_path/Frameworks";
				"LD_RUNPATH_SEARCH_PATHS[sdk=macosx*]" = "@executable_path/../Frameworks";
				MACOSX_DEPLOYMENT_TARGET = 26.5;
				MARKETING_VERSION = 1.0;
				PRODUCT_BUNDLE_IDENTIFIER = com.shashank.Momentum;
				PRODUCT_NAME = "$(TARGET_NAME)";
				REGISTER_APP_GROUPS = YES;
				SDKROOT = auto;
				STRING_CATALOG_GENERATE_SYMBOLS = YES;
				SUPPORTED_PLATFORMS = "iphoneos iphonesimulator macosx xros xrsimulator";
				SWIFT_APPROACHABLE_CONCURRENCY = YES;
				SWIFT_DEFAULT_ACTOR_ISOLATION = MainActor;
				SWIFT_EMIT_LOC_STRINGS = YES;
				SWIFT_UPCOMING_FEATURE_MEMBER_IMPORT_VISIBILITY = YES;
				SWIFT_VERSION = 5.0;
				TARGETED_DEVICE_FAMILY = "1,2,7";
				XROS_DEPLOYMENT_TARGET = 26.5;
			};
			name = Release;
		};
		DD5F058730038230001B3A99 /* Debug */ = {
			isa = XCBuildConfiguration;
			buildSettings = {
				BUNDLE_LOADER = "$(TEST_HOST)";
				CODE_SIGN_STYLE = Automatic;
				CURRENT_PROJECT_VERSION = 1;
				GENERATE_INFOPLIST_FILE = YES;
				IPHONEOS_DEPLOYMENT_TARGET = 26.5;
				MACOSX_DEPLOYMENT_TARGET = 26.5;
				MARKETING_VERSION = 1.0;
				PRODUCT_BUNDLE_IDENTIFIER = com.shashank.MomentumTests;
				PRODUCT_NAME = "$(TARGET_NAME)";
				SDKROOT = auto;
				STRING_CATALOG_GENERATE_SYMBOLS = NO;
				SUPPORTED_PLATFORMS = "iphoneos iphonesimulator macosx xros xrsimulator";
				SWIFT_APPROACHABLE_CONCURRENCY = YES;
				SWIFT_EMIT_LOC_STRINGS = NO;
				SWIFT_UPCOMING_FEATURE_MEMBER_IMPORT_VISIBILITY = YES;
				SWIFT_VERSION = 5.0;
				TARGETED_DEVICE_FAMILY = "1,2,7";
				TEST_HOST = "$(BUILT_PRODUCTS_DIR)/Momentum.app/$(BUNDLE_EXECUTABLE_FOLDER_PATH)/Momentum";
				XROS_DEPLOYMENT_TARGET = 26.5;
			};
			name = Debug;
		};
		DD5F058830038230001B3A99 /* Release */ = {
			isa = XCBuildConfiguration;
			buildSettings = {
				BUNDLE_LOADER = "$(TEST_HOST)";
				CODE_SIGN_STYLE = Automatic;
				CURRENT_PROJECT_VERSION = 1;
				GENERATE_INFOPLIST_FILE = YES;
				IPHONEOS_DEPLOYMENT_TARGET = 26.5;
				MACOSX_DEPLOYMENT_TARGET = 26.5;
				MARKETING_VERSION = 1.0;
				PRODUCT_BUNDLE_IDENTIFIER = com.shashank.MomentumTests;
				PRODUCT_NAME = "$(TARGET_NAME)";
				SDKROOT = auto;
				STRING_CATALOG_GENERATE_SYMBOLS = NO;
				SUPPORTED_PLATFORMS = "iphoneos iphonesimulator macosx xros xrsimulator";
				SWIFT_APPROACHABLE_CONCURRENCY = YES;
				SWIFT_EMIT_LOC_STRINGS = NO;
				SWIFT_UPCOMING_FEATURE_MEMBER_IMPORT_VISIBILITY = YES;
				SWIFT_VERSION = 5.0;
				TARGETED_DEVICE_FAMILY = "1,2,7";
				TEST_HOST = "$(BUILT_PRODUCTS_DIR)/Momentum.app/$(BUNDLE_EXECUTABLE_FOLDER_PATH)/Momentum";
				XROS_DEPLOYMENT_TARGET = 26.5;
			};
			name = Release;
		};
		DD5F058A30038230001B3A99 /* Debug */ = {
			isa = XCBuildConfiguration;
			buildSettings = {
				CODE_SIGN_STYLE = Automatic;
				CURRENT_PROJECT_VERSION = 1;
				GENERATE_INFOPLIST_FILE = YES;
				IPHONEOS_DEPLOYMENT_TARGET = 26.5;
				MACOSX_DEPLOYMENT_TARGET = 26.5;
				MARKETING_VERSION = 1.0;
				PRODUCT_BUNDLE_IDENTIFIER = com.shashank.MomentumUITests;
				PRODUCT_NAME = "$(TARGET_NAME)";
				SDKROOT = auto;
				STRING_CATALOG_GENERATE_SYMBOLS = NO;
				SUPPORTED_PLATFORMS = "iphoneos iphonesimulator macosx xros xrsimulator";
				SWIFT_APPROACHABLE_CONCURRENCY = YES;
				SWIFT_EMIT_LOC_STRINGS = NO;
				SWIFT_UPCOMING_FEATURE_MEMBER_IMPORT_VISIBILITY = YES;
				SWIFT_VERSION = 5.0;
				TARGETED_DEVICE_FAMILY = "1,2,7";
				TEST_TARGET_NAME = Momentum;
				XROS_DEPLOYMENT_TARGET = 26.5;
			};
			name = Debug;
		};
		DD5F058B30038230001B3A99 /* Release */ = {
			isa = XCBuildConfiguration;
			buildSettings = {
				CODE_SIGN_STYLE = Automatic;
				CURRENT_PROJECT_VERSION = 1;
				GENERATE_INFOPLIST_FILE = YES;
				IPHONEOS_DEPLOYMENT_TARGET = 26.5;
				MACOSX_DEPLOYMENT_TARGET = 26.5;
				MARKETING_VERSION = 1.0;
				PRODUCT_BUNDLE_IDENTIFIER = com.shashank.MomentumUITests;
				PRODUCT_NAME = "$(TARGET_NAME)";
				SDKROOT = auto;
				STRING_CATALOG_GENERATE_SYMBOLS = NO;
				SUPPORTED_PLATFORMS = "iphoneos iphonesimulator macosx xros xrsimulator";
				SWIFT_APPROACHABLE_CONCURRENCY = YES;
				SWIFT_EMIT_LOC_STRINGS = NO;
				SWIFT_UPCOMING_FEATURE_MEMBER_IMPORT_VISIBILITY = YES;
				SWIFT_VERSION = 5.0;
				TARGETED_DEVICE_FAMILY = "1,2,7";
				TEST_TARGET_NAME = Momentum;
				XROS_DEPLOYMENT_TARGET = 26.5;
			};
			name = Release;
		};
/* End XCBuildConfiguration section */

/* Begin XCConfigurationList section */
		DD5F055D3003822F001B3A99 /* Build configuration list for PBXProject "Momentum" */ = {
			isa = XCConfigurationList;
			buildConfigurations = (
				DD5F058130038230001B3A99 /* Debug */,
				DD5F058230038230001B3A99 /* Release */,
			);
			defaultConfigurationIsVisible = 0;
			defaultConfigurationName = Release;
		};
		DD5F058330038230001B3A99 /* Build configuration list for PBXNativeTarget "Momentum" */ = {
			isa = XCConfigurationList;
			buildConfigurations = (
				DD5F058430038230001B3A99 /* Debug */,
				DD5F058530038230001B3A99 /* Release */,
			);
			defaultConfigurationIsVisible = 0;
			defaultConfigurationName = Release;
		};
		DD5F058630038230001B3A99 /* Build configuration list for PBXNativeTarget "MomentumTests" */ = {
			isa = XCConfigurationList;
			buildConfigurations = (
				DD5F058730038230001B3A99 /* Debug */,
				DD5F058830038230001B3A99 /* Release */,
			);
			defaultConfigurationIsVisible = 0;
			defaultConfigurationName = Release;
		};
		DD5F058930038230001B3A99 /* Build configuration list for PBXNativeTarget "MomentumUITests" */ = {
			isa = XCConfigurationList;
			buildConfigurations = (
				DD5F058A30038230001B3A99 /* Debug */,
				DD5F058B30038230001B3A99 /* Release */,
			);
			defaultConfigurationIsVisible = 0;
			defaultConfigurationName = Release;
		};
/* End XCConfigurationList section */
	};
	rootObject = DD5F055A3003822F001B3A99 /* Project object */;
}
